
Microsoft Visual Studio Solution File, Format Version 12.00
# Visual Studio Version 17
VisualStudioVersion = 17.5.33424.131
MinimumVisualStudioVersion = 10.0.40219.1
Project("{9A19103F-16F7-4668-BE54-9A1E7A4F7556}") = "e-Agenda.WinApp", "e-Agenda.WinApp\e-Agenda.WinApp.csproj", "{18187BF5-A7D7-4766-A900-BE511B773E57}"
EndProject
Project("{2150E333-8FDC-42A3-9474-1A3956D46DE8}") = "1 - Apresentação", "1 - Apresentação", "{4C83EE61-EA4E-46FC-AE11-43A54A8B6B86}"
EndProject
Project("{2150E333-8FDC-42A3-9474-1A3956D46DE8}") = "2- Distribuição", "2- Distribuição", "{19F73BAE-4661-42EB-B3B2-246FA6BAA9DF}"
EndProject
Project("{2150E333-8FDC-42A3-9474-1A3956D46DE8}") = "3 - Aplicação", "3 - Aplicação", "{3DB81B79-8D68-4036-A819-C3E7BE019C1C}"
EndProject
Project("{2150E333-8FDC-42A3-9474-1A3956D46DE8}") = "4 - Dominio", "4 - Dominio", "{493B4734-DBDB-4684-8B62-B57C7B2BF451}"
EndProject
Project("{2150E333-8FDC-42A3-9474-1A3956D46DE8}") = "5 - Infra", "5 - Infra", "{222BE7C5-150E-482F-BD97-7B53633CC6D3}"
EndProject
Project("{2150E333-8FDC-42A3-9474-1A3956D46DE8}") = "6 - Testes", "6 - Testes", "{3805B488-445F-497B-AFF3-3775121CCA3C}"
EndProject
Project("{9A19103F-16F7-4668-BE54-9A1E7A4F7556}") = "e-Agenda.Dominio", "e-Agenda.Dominio\e-Agenda.Dominio.csproj", "{BF842DF6-828D-4436-A86A-F289E6EE38D8}"
EndProject
Project("{2150E333-8FDC-42A3-9474-1A3956D46DE8}") = "1 - Banco de Dados", "1 - Banco de Dados", "{8AE76F10-9874-4ED5-B04E-373B135A3FE9}"
EndProject
Project("{2150E333-8FDC-42A3-9474-1A3956D46DE8}") = "1 - ORM", "1 - ORM", "{9D2AAF6D-B649-4AF5-8CE9-690981AA7327}"
EndProject
Project("{9A19103F-16F7-4668-BE54-9A1E7A4F7556}") = "e-Agenda.Infra.Orm", "e-Agenda.Infra.Orm\e-Agenda.Infra.Orm.csproj", "{E442425D-69C3-46F8-A169-1BA40D89ABFA}"
EndProject
Project("{9A19103F-16F7-4668-BE54-9A1E7A4F7556}") = "e-Agenda.Aplicacao", "e-Agenda.Aplicacao\e-Agenda.Aplicacao.csproj", "{B49EAE47-F4EF-42B7-8BC2-72D2F4F0592F}"
EndProject
Project("{9A19103F-16F7-4668-BE54-9A1E7A4F7556}") = "e-Agenda.WebApp", "e-Agenda.WebApp\e-Agenda.WebApp.csproj", "{68D0D241-5D0F-4725-97C6-BAE7786BCE12}"
EndProject
Global
	GlobalSection(SolutionConfigurationPlatforms) = preSolution
		Debug|Any CPU = Debug|Any CPU
		Release|Any CPU = Release|Any CPU
	EndGlobalSection
	GlobalSection(ProjectConfigurationPlatforms) = postSolution
		{18187BF5-A7D7-4766-A900-BE511B773E57}.Debug|Any CPU.ActiveCfg = Debug|Any CPU
		{18187BF5-A7D7-4766-A900-BE511B773E57}.Debug|Any CPU.Build.0 = Debug|Any CPU
		{18187BF5-A7D7-4766-A900-BE511B773E57}.Release|Any CPU.ActiveCfg = Release|Any CPU
		{18187BF5-A7D7-4766-A900-BE511B773E57}.Release|Any CPU.Build.0 = Release|Any CPU
		{BF842DF6-828D-4436-A86A-F289E6EE38D8}.Debug|Any CPU.ActiveCfg = Debug|Any CPU
		{BF842DF6-828D-4436-A86A-F289E6EE38D8}.Debug|Any CPU.Build.0 = Debug|Any CPU
		{BF842DF6-828D-4436-A86A-F289E6EE38D8}.Release|Any CPU.ActiveCfg = Release|Any CPU
		{BF842DF6-828D-4436-A86A-F289E6EE38D8}.Release|Any CPU.Build.0 = Release|Any CPU
		{E442425D-69C3-46F8-A169-1BA40D89ABFA}.Debug|Any CPU.ActiveCfg = Debug|Any CPU
		{E442425D-69C3-46F8-A169-1BA40D89ABFA}.Debug|Any CPU.Build.0 = Debug|Any CPU
		{E442425D-69C3-46F8-A169-1BA40D89ABFA}.Release|Any CPU.ActiveCfg = Release|Any CPU
		{E442425D-69C3-46F8-A169-1BA40D89ABFA}.Release|Any CPU.Build.0 = Release|Any CPU
		{B49EAE47-F4EF-42B7-8BC2-72D2F4F0592F}.Debug|Any CPU.ActiveCfg = Debug|Any CPU
		{B49EAE47-F4EF-42B7-8BC2-72D2F4F0592F}.Debug|Any CPU.Build.0 = Debug|Any CPU
		{B49EAE47-F4EF-42B7-8BC2-72D2F4F0592F}.Release|Any CPU.ActiveCfg = Release|Any CPU
		{B49EAE47-F4EF-42B7-8BC2-72D2F4F0592F}.Release|Any CPU.Build.0 = Release|Any CPU
		{68D0D241-5D0F-4725-97C6-BAE7786BCE12}.Debug|Any CPU.ActiveCfg = Debug|Any CPU
		{68D0D241-5D0F-4725-97C6-BAE7786BCE12}.Debug|Any CPU.Build.0 = Debug|Any CPU
		{68D0D241-5D0F-4725-97C6-BAE7786BCE12}.Release|Any CPU.ActiveCfg = Release|Any CPU
		{68D0D241-5D0F-4725-97C6-BAE7786BCE12}.Release|Any CPU.Build.0 = Release|Any CPU
	EndGlobalSection
	GlobalSection(SolutionProperties) = preSolution
		HideSolutionNode = FALSE
	EndGlobalSection
	GlobalSection(NestedProjects) = preSolution
		{18187BF5-A7D7-4766-A900-BE511B773E57} = {4C83EE61-EA4E-46FC-AE11-43A54A8B6B86}
		{BF842DF6-828D-4436-A86A-F289E6EE38D8} = {493B4734-DBDB-4684-8B62-B57C7B2BF451}
		{8AE76F10-9874-4ED5-B04E-373B135A3FE9} = {222BE7C5-150E-482F-BD97-7B53633CC6D3}
		{9D2AAF6D-B649-4AF5-8CE9-690981AA7327} = {8AE76F10-9874-4ED5-B04E-373B135A3FE9}
		{E442425D-69C3-46F8-A169-1BA40D89ABFA} = {9D2AAF6D-B649-4AF5-8CE9-690981AA7327}
		{B49EAE47-F4EF-42B7-8BC2-72D2F4F0592F} = {3DB81B79-8D68-4036-A819-C3E7BE019C1C}
		{68D0D241-5D0F-4725-97C6-BAE7786BCE12} = {19F73BAE-4661-42EB-B3B2-246FA6BAA9DF}
	EndGlobalSection
	GlobalSection(ExtensibilityGlobals) = postSolution
		SolutionGuid = {70B73966-A366-41A1-8E80-10EC87C92D73}
	EndGlobalSection
EndGlobal
